// !$*UTF8*$!
{
	archiveVersion = 1;
	classes = {
	};
	objectVersion = 50;
	objects = {

/* Begin PBXBuildFile section */
		0D843E2621A43F18003B8489 /* CarManualBuilder.m in Sources */ = {isa = PBXBuildFile; fileRef = 0D843E2521A43F18003B8489 /* CarManualBuilder.m */; };
		0D843E2921A4861B003B8489 /* Director.m in Sources */ = {isa = PBXBuildFile; fileRef = 0D843E2821A4861B003B8489 /* Director.m */; };
		0DA5EF4821A1728D00ED830F /* main.m in Sources */ = {isa = PBXBuildFile; fileRef = 0DA5EF4721A1728D00ED830F /* main.m */; };
		0DF2DB5221A3FD0C00F779AA /* Euro.h in Sources */ = {isa = PBXBuildFile; fileRef = 0DF2DB5121A3FD0C00F779AA /* Euro.h */; };
		0DF2DB5421A3FEA300F779AA /* Euro.m in Sources */ = {isa = PBXBuildFile; fileRef = 0DF2DB5321A3FEA300F779AA /* Euro.m */; };
		0DF2DB5721A3FF8000F779AA /* USD.m in Sources */ = {isa = PBXBuildFile; fileRef = 0DF2DB5621A3FF8000F779AA /* USD.m */; };
		0DF2DB5C21A409DB00F779AA /* CurrencyFactory.m in Sources */ = {isa = PBXBuildFile; fileRef = 0DF2DB5B21A409DB00F779AA /* CurrencyFactory.m */; };
		0DF2DB6121A418A900F779AA /* Builder.h in Sources */ = {isa = PBXBuildFile; fileRef = 0DF2DB6021A418A900F779AA /* Builder.h */; };
		0DF2DB6321A4195F00F779AA /* CarBuilder.m in Sources */ = {isa = PBXBuildFile; fileRef = 0DF2DB6221A4195F00F779AA /* CarBuilder.m */; };
		0DF2DB6721A41B7A00F779AA /* Car.m in Sources */ = {isa = PBXBuildFile; fileRef = 0DF2DB6621A41B7A00F779AA /* Car.m */; };
		0DF2DB6B21A42EDD00F779AA /* Manual.m in Sources */ = {isa = PBXBuildFile; fileRef = 0DF2DB6A21A42EDD00F779AA /* Manual.m */; };
/* End PBXBuildFile section */

/* Begin PBXCopyFilesBuildPhase section */
		0DA5EF4221A1728D00ED830F /* CopyFiles */ = {
			isa = PBXCopyFilesBuildPhase;
			buildActionMask = 2147483647;
			dstPath = /usr/share/man/man1/;
			dstSubfolderSpec = 0;
			files = (
			);
			runOnlyForDeploymentPostprocessing = 1;
		};
/* End PBXCopyFilesBuildPhase section */

/* Begin PBXFileReference section */
		0D843E2421A43EC6003B8489 /* CarManualBuilder.h */ = {isa = PBXFileReference; lastKnownFileType = sourcecode.c.h; path = CarManualBuilder.h; sourceTree = "<group>"; };
		0D843E2521A43F18003B8489 /* CarManualBuilder.m */ = {isa = PBXFileReference; lastKnownFileType = sourcecode.c.objc; path = CarManualBuilder.m; sourceTree = "<group>"; };
		0D843E2721A485C7003B8489 /* Director.h */ = {isa = PBXFileReference; lastKnownFileType = sourcecode.c.h; path = Director.h; sourceTree = "<group>"; };
		0D843E2821A4861B003B8489 /* Director.m */ = {isa = PBXFileReference; lastKnownFileType = sourcecode.c.objc; path = Director.m; sourceTree = "<group>"; };
		0DA5EF4421A1728D00ED830F /* design-patterns */ = {isa = PBXFileReference; explicitFileType = "compiled.mach-o.executable"; includeInIndex = 0; path = "design-patterns"; sourceTree = BUILT_PRODUCTS_DIR; };
		0DA5EF4721A1728D00ED830F /* main.m */ = {isa = PBXFileReference; lastKnownFileType = sourcecode.c.objc; path = main.m; sourceTree = "<group>"; };
		0DF2DB5021A3FCD400F779AA /* Currency.h */ = {isa = PBXFileReference; lastKnownFileType = sourcecode.c.h; path = Currency.h; sourceTree = "<group>"; };
		0DF2DB5121A3FD0C00F779AA /* Euro.h */ = {isa = PBXFileReference; lastKnownFileType = sourcecode.c.h; path = Euro.h; sourceTree = "<group>"; };
		0DF2DB5321A3FEA300F779AA /* Euro.m */ = {isa = PBXFileReference; lastKnownFileType = sourcecode.c.objc; path = Euro.m; sourceTree = "<group>"; };
		0DF2DB5521A3FF2D00F779AA /* USD.h */ = {isa = PBXFileReference; lastKnownFileType = sourcecode.c.h; path = USD.h; sourceTree = "<group>"; };
		0DF2DB5621A3FF8000F779AA /* USD.m */ = {isa = PBXFileReference; lastKnownFileType = sourcecode.c.objc; path = USD.m; sourceTree = "<group>"; };
		0DF2DB5A21A4024C00F779AA /* CurrencyFactory.h */ = {isa = PBXFileReference; lastKnownFileType = sourcecode.c.h; path = CurrencyFactory.h; sourceTree = "<group>"; };
		0DF2DB5B21A409DB00F779AA /* CurrencyFactory.m */ = {isa = PBXFileReference; lastKnownFileType = sourcecode.c.objc; path = CurrencyFactory.m; sourceTree = "<group>"; };
		0DF2DB6021A418A900F779AA /* Builder.h */ = {isa = PBXFileReference; lastKnownFileType = sourcecode.c.h; path = Builder.h; sourceTree = "<group>"; };
		0DF2DB6221A4195F00F779AA /* CarBuilder.m */ = {isa = PBXFileReference; lastKnownFileType = sourcecode.c.objc; path = CarBuilder.m; sourceTree = "<group>"; };
		0DF2DB6521A41A6900F779AA /* Car.h */ = {isa = PBXFileReference; lastKnownFileType = sourcecode.c.h; path = Car.h; sourceTree = "<group>"; };
		0DF2DB6621A41B7A00F779AA /* Car.m */ = {isa = PBXFileReference; lastKnownFileType = sourcecode.c.objc; path = Car.m; sourceTree = "<group>"; };
		0DF2DB6A21A42EDD00F779AA /* Manual.m */ = {isa = PBXFileReference; lastKnownFileType = sourcecode.c.objc; path = Manual.m; sourceTree = "<group>"; };
		0DF2DB7721A434CA00F779AA /* CarBuilder.h */ = {isa = PBXFileReference; lastKnownFileType = sourcecode.c.h; path = CarBuilder.h; sourceTree = "<group>"; };
		0DF2DB7821A434FB00F779AA /* Manual.h */ = {isa = PBXFileReference; lastKnownFileType = sourcecode.c.h; path = Manual.h; sourceTree = "<group>"; };
/* End PBXFileReference section */

/* Begin PBXFrameworksBuildPhase section */
		0DA5EF4121A1728D00ED830F /* Frameworks */ = {
			isa = PBXFrameworksBuildPhase;
			buildActionMask = 2147483647;
			files = (
			);
			runOnlyForDeploymentPostprocessing = 0;
		};
/* End PBXFrameworksBuildPhase section */

/* Begin PBXGroup section */
		0D843E2A21A49220003B8489 /* Director */ = {
			isa = PBXGroup;
			children = (
				0D843E2721A485C7003B8489 /* Director.h */,
				0D843E2821A4861B003B8489 /* Director.m */,
			);
			path = Director;
			sourceTree = "<group>";
		};
		0D843E2B21A4922A003B8489 /* Builders */ = {
			isa = PBXGroup;
			children = (
				0DF2DB6021A418A900F779AA /* Builder.h */,
				0D843E2C21A49237003B8489 /* CarBuilder */,
				0D843E2D21A49241003B8489 /* CarManualBuilder */,
			);
			path = Builders;
			sourceTree = "<group>";
		};
		0D843E2C21A49237003B8489 /* CarBuilder */ = {
			isa = PBXGroup;
			children = (
				0DF2DB7721A434CA00F779AA /* CarBuilder.h */,
				0DF2DB6221A4195F00F779AA /* CarBuilder.m */,
			);
			path = CarBuilder;
			sourceTree = "<group>";
		};
		0D843E2D21A49241003B8489 /* CarManualBuilder */ = {
			isa = PBXGroup;
			children = (
				0D843E2421A43EC6003B8489 /* CarManualBuilder.h */,
				0D843E2521A43F18003B8489 /* CarManualBuilder.m */,
			);
			path = CarManualBuilder;
			sourceTree = "<group>";
		};
		0D843E2E21A49252003B8489 /* Car */ = {
			isa = PBXGroup;
			children = (
				0DF2DB6521A41A6900F779AA /* Car.h */,
				0DF2DB6621A41B7A00F779AA /* Car.m */,
			);
			path = Car;
			sourceTree = "<group>";
		};
		0D843E2F21A4925A003B8489 /* Manual */ = {
			isa = PBXGroup;
			children = (
				0DF2DB7821A434FB00F779AA /* Manual.h */,
				0DF2DB6A21A42EDD00F779AA /* Manual.m */,
			);
			path = Manual;
			sourceTree = "<group>";
		};
		0DA5EF3B21A1728D00ED830F = {
			isa = PBXGroup;
			children = (
				0DA5EF4621A1728D00ED830F /* design-patterns */,
				0DA5EF4521A1728D00ED830F /* Products */,
			);
			sourceTree = "<group>";
		};
		0DA5EF4521A1728D00ED830F /* Products */ = {
			isa = PBXGroup;
			children = (
				0DA5EF4421A1728D00ED830F /* design-patterns */,
			);
			name = Products;
			sourceTree = "<group>";
		};
		0DA5EF4621A1728D00ED830F /* design-patterns */ = {
			isa = PBXGroup;
			children = (
				0DA5EF4721A1728D00ED830F /* main.m */,
				0DF2DB5F21A4187A00F779AA /* Builder */,
				0DF2DB4F21A3F30700F779AA /* Factory */,
			);
			path = "design-patterns";
			sourceTree = "<group>";
		};
		0DF2DB4F21A3F30700F779AA /* Factory */ = {
			isa = PBXGroup;
			children = (
				0DF2DB5D21A40D1600F779AA /* CurrencyFactory */,
				0DF2DB5E21A40D1D00F779AA /* Currency */,
			);
			path = Factory;
			sourceTree = "<group>";
		};
		0DF2DB5821A3FFCA00F779AA /* Euro */ = {
			isa = PBXGroup;
			children = (
				0DF2DB5121A3FD0C00F779AA /* Euro.h */,
				0DF2DB5321A3FEA300F779AA /* Euro.m */,
			);
			path = Euro;
			sourceTree = "<group>";
		};
		0DF2DB5921A3FFD200F779AA /* USD */ = {
			isa = PBXGroup;
			children = (
				0DF2DB5521A3FF2D00F779AA /* USD.h */,
				0DF2DB5621A3FF8000F779AA /* USD.m */,
			);
			path = USD;
			sourceTree = "<group>";
		};
		0DF2DB5D21A40D1600F779AA /* CurrencyFactory */ = {
			isa = PBXGroup;
			children = (
				0DF2DB5A21A4024C00F779AA /* CurrencyFactory.h */,
				0DF2DB5B21A409DB00F779AA /* CurrencyFactory.m */,
			);
			path = CurrencyFactory;
			sourceTree = "<group>";
		};
		0DF2DB5E21A40D1D00F779AA /* Currency */ = {
			isa = PBXGroup;
			children = (
				0DF2DB5021A3FCD400F779AA /* Currency.h */,
				0DF2DB5821A3FFCA00F779AA /* Euro */,
				0DF2DB5921A3FFD200F779AA /* USD */,
			);
			path = Currency;
			sourceTree = "<group>";
		};
		0DF2DB5F21A4187A00F779AA /* Builder */ = {
			isa = PBXGroup;
			children = (
				0D843E2B21A4922A003B8489 /* Builders */,
				0D843E2A21A49220003B8489 /* Director */,
				0D843E2E21A49252003B8489 /* Car */,
				0D843E2F21A4925A003B8489 /* Manual */,
			);
			path = Builder;
			sourceTree = "<group>";
		};
/* End PBXGroup section */

/* Begin PBXNativeTarget section */
		0DA5EF4321A1728D00ED830F /* design-patterns */ = {
			isa = PBXNativeTarget;
			buildConfigurationList = 0DA5EF4B21A1728D00ED830F /* Build configuration list for PBXNativeTarget "design-patterns" */;
			buildPhases = (
				0DA5EF4021A1728D00ED830F /* Sources */,
				0DA5EF4121A1728D00ED830F /* Frameworks */,
				0DA5EF4221A1728D00ED830F /* CopyFiles */,
			);
			buildRules = (
			);
			dependencies = (
			);
			name = "design-patterns";
			productName = "design-patterns";
			productReference = 0DA5EF4421A1728D00ED830F /* design-patterns */;
			productType = "com.apple.product-type.tool";
		};
/* End PBXNativeTarget section */

/* Begin PBXProject section */
		0DA5EF3C21A1728D00ED830F /* Project object */ = {
			isa = PBXProject;
			attributes = {
				LastUpgradeCheck = 1000;
				ORGANIZATIONNAME = beknar;
				TargetAttributes = {
					0DA5EF4321A1728D00ED830F = {
						CreatedOnToolsVersion = 10.0;
					};
				};
			};
			buildConfigurationList = 0DA5EF3F21A1728D00ED830F /* Build configuration list for PBXProject "design-patterns" */;
			compatibilityVersion = "Xcode 9.3";
			developmentRegion = en;
			hasScannedForEncodings = 0;
			knownRegions = (
				en,
			);
			mainGroup = 0DA5EF3B21A1728D00ED830F;
			productRefGroup = 0DA5EF4521A1728D00ED830F /* Products */;
			projectDirPath = "";
			projectRoot = "";
			targets = (
				0DA5EF4321A1728D00ED830F /* design-patterns */,
			);
		};
/* End PBXProject section */

/* Begin PBXSourcesBuildPhase section */
		0DA5EF4021A1728D00ED830F /* Sources */ = {
			isa = PBXSourcesBuildPhase;
			buildActionMask = 2147483647;
			files = (
				0DF2DB5421A3FEA300F779AA /* Euro.m in Sources */,
				0DF2DB6321A4195F00F779AA /* CarBuilder.m in Sources */,
				0D843E2621A43F18003B8489 /* CarManualBuilder.m in Sources */,
				0DF2DB5721A3FF8000F779AA /* USD.m in Sources */,
				0DA5EF4821A1728D00ED830F /* main.m in Sources */,
				0DF2DB5C21A409DB00F779AA /* CurrencyFactory.m in Sources */,
				0DF2DB5221A3FD0C00F779AA /* Euro.h in Sources */,
				0DF2DB6B21A42EDD00F779AA /* Manual.m in Sources */,
				0DF2DB6721A41B7A00F779AA /* Car.m in Sources */,
				0D843E2921A4861B003B8489 /* Director.m in Sources */,
				0DF2DB6121A418A900F779AA /* Builder.h in Sources */,
			);
			runOnlyForDeploymentPostprocessing = 0;
		};
/* End PBXSourcesBuildPhase section */

/* Begin XCBuildConfiguration section */
		0DA5EF4921A1728D00ED830F /* Debug */ = {
			isa = XCBuildConfiguration;
			buildSettings = {
				ALWAYS_SEARCH_USER_PATHS = NO;
				CLANG_ANALYZER_NONNULL = YES;
				CLANG_ANALYZER_NUMBER_OBJECT_CONVERSION = YES_AGGRESSIVE;
				CLANG_CXX_LANGUAGE_STANDARD = "gnu++14";
				CLANG_CXX_LIBRARY = "libc++";
				CLANG_ENABLE_MODULES = YES;
				CLANG_ENABLE_OBJC_ARC = YES;
				CLANG_ENABLE_OBJC_WEAK = YES;
				CLANG_WARN_BLOCK_CAPTURE_AUTORELEASING = YES;
				CLANG_WARN_BOOL_CONVERSION = YES;
				CLANG_WARN_COMMA = YES;
				CLANG_WARN_CONSTANT_CONVERSION = YES;
				CLANG_WARN_DEPRECATED_OBJC_IMPLEMENTATIONS = YES;
				CLANG_WARN_DIRECT_OBJC_ISA_USAGE = YES_ERROR;
				CLANG_WARN_DOCUMENTATION_COMMENTS = YES;
				CLANG_WARN_EMPTY_BODY = YES;
				CLANG_WARN_ENUM_CONVERSION = YES;
				CLANG_WARN_INFINITE_RECURSION = YES;
				CLANG_WARN_INT_CONVERSION = YES;
				CLANG_WARN_NON_LITERAL_NULL_CONVERSION = YES;
				CLANG_WARN_OBJC_IMPLICIT_RETAIN_SELF = YES;
				CLANG_WARN_OBJC_LITERAL_CONVERSION = YES;
				CLANG_WARN_OBJC_ROOT_CLASS = YES_ERROR;
				CLANG_WARN_RANGE_LOOP_ANALYSIS = YES;
				CLANG_WARN_STRICT_PROTOTYPES = YES;
				CLANG_WARN_SUSPICIOUS_MOVE = YES;
				CLANG_WARN_UNGUARDED_AVAILABILITY = YES_AGGRESSIVE;
				CLANG_WARN_UNREACHABLE_CODE = YES;
				CLANG_WARN__DUPLICATE_METHOD_MATCH = YES;
				CODE_SIGN_IDENTITY = "Mac Developer";
				COPY_PHASE_STRIP = NO;
				DEBUG_INFORMATION_FORMAT = dwarf;
				ENABLE_STRICT_OBJC_MSGSEND = YES;
				ENABLE_TESTABILITY = YES;
				GCC_C_LANGUAGE_STANDARD = gnu11;
				GCC_DYNAMIC_NO_PIC = NO;
				GCC_NO_COMMON_BLOCKS = YES;
				GCC_OPTIMIZATION_LEVEL = 0;
				GCC_PREPROCESSOR_DEFINITIONS = (
					"DEBUG=1",
					"$(inherited)",
				);
				GCC_WARN_64_TO_32_BIT_CONVERSION = YES;
				GCC_WARN_ABOUT_RETURN_TYPE = YES_ERROR;
				GCC_WARN_UNDECLARED_SELECTOR = YES;
				GCC_WARN_UNINITIALIZED_AUTOS = YES_AGGRESSIVE;
				GCC_WARN_UNUSED_FUNCTION = YES;
				GCC_WARN_UNUSED_VARIABLE = YES;
				MACOSX_DEPLOYMENT_TARGET = 10.14;
				MTL_ENABLE_DEBUG_INFO = INCLUDE_SOURCE;
				MTL_FAST_MATH = YES;
				ONLY_ACTIVE_ARCH = YES;
				SDKROOT = macosx;
			};
			name = Debug;
		};
		0DA5EF4A21A1728D00ED830F /* Release */ = {
			isa = XCBuildConfiguration;
			buildSettings = {
				ALWAYS_SEARCH_USER_PATHS = NO;
				CLANG_ANALYZER_NONNULL = YES;
				CLANG_ANALYZER_NUMBER_OBJECT_CONVERSION = YES_AGGRESSIVE;
				CLANG_CXX_LANGUAGE_STANDARD = "gnu++14";
				CLANG_CXX_LIBRARY = "libc++";
				CLANG_ENABLE_MODULES = YES;
				CLANG_ENABLE_OBJC_ARC = YES;
				CLANG_ENABLE_OBJC_WEAK = YES;
				CLANG_WARN_BLOCK_CAPTURE_AUTORELEASING = YES;
				CLANG_WARN_BOOL_CONVERSION = YES;
				CLANG_WARN_COMMA = YES;
				CLANG_WARN_CONSTANT_CONVERSION = YES;
				CLANG_WARN_DEPRECATED_OBJC_IMPLEMENTATIONS = YES;
				CLANG_WARN_DIRECT_OBJC_ISA_USAGE = YES_ERROR;
				CLANG_WARN_DOCUMENTATION_COMMENTS = YES;
				CLANG_WARN_EMPTY_BODY = YES;
				CLANG_WARN_ENUM_CONVERSION = YES;
				CLANG_WARN_INFINITE_RECURSION = YES;
				CLANG_WARN_INT_CONVERSION = YES;
				CLANG_WARN_NON_LITERAL_NULL_CONVERSION = YES;
				CLANG_WARN_OBJC_IMPLICIT_RETAIN_SELF = YES;
				CLANG_WARN_OBJC_LITERAL_CONVERSION = YES;
				CLANG_WARN_OBJC_ROOT_CLASS = YES_ERROR;
				CLANG_WARN_RANGE_LOOP_ANALYSIS = YES;
				CLANG_WARN_STRICT_PROTOTYPES = YES;
				CLANG_WARN_SUSPICIOUS_MOVE = YES;
				CLANG_WARN_UNGUARDED_AVAILABILITY = YES_AGGRESSIVE;
				CLANG_WARN_UNREACHABLE_CODE = YES;
				CLANG_WARN__DUPLICATE_METHOD_MATCH = YES;
				CODE_SIGN_IDENTITY = "Mac Developer";
				COPY_PHASE_STRIP = NO;
				DEBUG_INFORMATION_FORMAT = "dwarf-with-dsym";
				ENABLE_NS_ASSERTIONS = NO;
				ENABLE_STRICT_OBJC_MSGSEND = YES;
				GCC_C_LANGUAGE_STANDARD = gnu11;
				GCC_NO_COMMON_BLOCKS = YES;
				GCC_WARN_64_TO_32_BIT_CONVERSION = YES;
				GCC_WARN_ABOUT_RETURN_TYPE = YES_ERROR;
				GCC_WARN_UNDECLARED_SELECTOR = YES;
				GCC_WARN_UNINITIALIZED_AUTOS = YES_AGGRESSIVE;
				GCC_WARN_UNUSED_FUNCTION = YES;
				GCC_WARN_UNUSED_VARIABLE = YES;
				MACOSX_DEPLOYMENT_TARGET = 10.14;
				MTL_ENABLE_DEBUG_INFO = NO;
				MTL_FAST_MATH = YES;
				SDKROOT = macosx;
			};
			name = Release;
		};
		0DA5EF4C21A1728D00ED830F /* Debug */ = {
			isa = XCBuildConfiguration;
			buildSettings = {
				CODE_SIGN_STYLE = Automatic;
				DEVELOPMENT_TEAM = JS7SZYV8ND;
				GCC_NO_COMMON_BLOCKS = NO;
				PRODUCT_NAME = "$(TARGET_NAME)";
			};
			name = Debug;
		};
		0DA5EF4D21A1728D00ED830F /* Release */ = {
			isa = XCBuildConfiguration;
			buildSettings = {
				CODE_SIGN_STYLE = Automatic;
				DEVELOPMENT_TEAM = JS7SZYV8ND;
				GCC_NO_COMMON_BLOCKS = NO;
				PRODUCT_NAME = "$(TARGET_NAME)";
			};
			name = Release;
		};
/* End XCBuildConfiguration section */

/* Begin XCConfigurationList section */
		0DA5EF3F21A1728D00ED830F /* Build configuration list for PBXProject "design-patterns" */ = {
			isa = XCConfigurationList;
			buildConfigurations = (
				0DA5EF4921A1728D00ED830F /* Debug */,
				0DA5EF4A21A1728D00ED830F /* Release */,
			);
			defaultConfigurationIsVisible = 0;
			defaultConfigurationName = Release;
		};
		0DA5EF4B21A1728D00ED830F /* Build configuration list for PBXNativeTarget "design-patterns" */ = {
			isa = XCConfigurationList;
			buildConfigurations = (
				0DA5EF4C21A1728D00ED830F /* Debug */,
				0DA5EF4D21A1728D00ED830F /* Release */,
			);
			defaultConfigurationIsVisible = 0;
			defaultConfigurationName = Release;
		};
/* End XCConfigurationList section */
	};
	rootObject = 0DA5EF3C21A1728D00ED830F /* Project object */;
}
